
Microsoft Visual Studio Solution File, Format Version 12.00
# Visual Studio 14
VisualStudioVersion = 14.0.25420.1
MinimumVisualStudioVersion = 10.0.40219.1
Project("{FAE04EC0-301F-11D3-BF4B-00C04F79EFBC}") = "Formapp.Droid", "Formapp\Formapp.Droid\Formapp.Droid.csproj", "{FA108087-4EC3-47C1-ADE9-6691A92D5DFF}"
EndProject
Project("{FAE04EC0-301F-11D3-BF4B-00C04F79EFBC}") = "Formapp.iOS", "Formapp\Formapp.iOS\Formapp.iOS.csproj", "{A1A8F8F4-EFA7-4635-AAB4-8DB2D8298246}"
EndProject
Project("{FAE04EC0-301F-11D3-BF4B-00C04F79EFBC}") = "Formapp.WinPhone", "Formapp\Formapp.WinPhone\Formapp.WinPhone.csproj", "{1117FBE9-A3C8-4A40-9FE1-B03C883A9708}"
EndProject
Project("{FAE04EC0-301F-11D3-BF4B-00C04F79EFBC}") = "Formapp.UWP", "Formapp\Formapp.UWP\Formapp.UWP.csproj", "{0CD852F1-3081-4967-A13F-CAF37C2940BB}"
EndProject
Project("{FAE04EC0-301F-11D3-BF4B-00C04F79EFBC}") = "Formapp.Windows", "Formapp\Formapp.Windows\Formapp.Windows.csproj", "{AE717BE0-0D0F-4F6C-9216-CD73ED802190}"
EndProject
Project("{FAE04EC0-301F-11D3-BF4B-00C04F79EFBC}") = "Formapp", "Formapp\Formapp\Formapp.csproj", "{A2F7B5E2-7E6C-4E47-B272-EB5BEF04649E}"
EndProject
Global
	GlobalSection(SolutionConfigurationPlatforms) = preSolution
		Ad-Hoc|Any CPU = Ad-Hoc|Any CPU
		Ad-Hoc|ARM = Ad-Hoc|ARM
		Ad-Hoc|iPhone = Ad-Hoc|iPhone
		Ad-Hoc|iPhoneSimulator = Ad-Hoc|iPhoneSimulator
		Ad-Hoc|x64 = Ad-Hoc|x64
		Ad-Hoc|x86 = Ad-Hoc|x86
		AppStore|Any CPU = AppStore|Any CPU
		AppStore|ARM = AppStore|ARM
		AppStore|iPhone = AppStore|iPhone
		AppStore|iPhoneSimulator = AppStore|iPhoneSimulator
		AppStore|x64 = AppStore|x64
		AppStore|x86 = AppStore|x86
		Debug|Any CPU = Debug|Any CPU
		Debug|ARM = Debug|ARM
		Debug|iPhone = Debug|iPhone
		Debug|iPhoneSimulator = Debug|iPhoneSimulator
		Debug|x64 = Debug|x64
		Debug|x86 = Debug|x86
		Release|Any CPU = Release|Any CPU
		Release|ARM = Release|ARM
		Release|iPhone = Release|iPhone
		Release|iPhoneSimulator = Release|iPhoneSimulator
		Release|x64 = Release|x64
		Release|x86 = Release|x86
	EndGlobalSection
	GlobalSection(ProjectConfigurationPlatforms) = postSolution
		{FA108087-4EC3-47C1-ADE9-6691A92D5DFF}.Ad-Hoc|Any CPU.ActiveCfg = Release|Any CPU
		{FA108087-4EC3-47C1-ADE9-6691A92D5DFF}.Ad-Hoc|Any CPU.Build.0 = Release|Any CPU
		{FA108087-4EC3-47C1-ADE9-6691A92D5DFF}.Ad-Hoc|Any CPU.Deploy.0 = Release|Any CPU
		{FA108087-4EC3-47C1-ADE9-6691A92D5DFF}.Ad-Hoc|ARM.ActiveCfg = Release|Any CPU
		{FA108087-4EC3-47C1-ADE9-6691A92D5DFF}.Ad-Hoc|ARM.Build.0 = Release|Any CPU
		{FA108087-4EC3-47C1-ADE9-6691A92D5DFF}.Ad-Hoc|ARM.Deploy.0 = Release|Any CPU
		{FA108087-4EC3-47C1-ADE9-6691A92D5DFF}.Ad-Hoc|iPhone.ActiveCfg = Release|Any CPU
		{FA108087-4EC3-47C1-ADE9-6691A92D5DFF}.Ad-Hoc|iPhone.Build.0 = Release|Any CPU
		{FA108087-4EC3-47C1-ADE9-6691A92D5DFF}.Ad-Hoc|iPhone.Deploy.0 = Release|Any CPU
		{FA108087-4EC3-47C1-ADE9-6691A92D5DFF}.Ad-Hoc|iPhoneSimulator.ActiveCfg = Release|Any CPU
		{FA108087-4EC3-47C1-ADE9-6691A92D5DFF}.Ad-Hoc|iPhoneSimulator.Build.0 = Release|Any CPU
		{FA108087-4EC3-47C1-ADE9-6691A92D5DFF}.Ad-Hoc|iPhoneSimulator.Deploy.0 = Release|Any CPU
		{FA108087-4EC3-47C1-ADE9-6691A92D5DFF}.Ad-Hoc|x64.ActiveCfg = Release|Any CPU
		{FA108087-4EC3-47C1-ADE9-6691A92D5DFF}.Ad-Hoc|x64.Build.0 = Release|Any CPU
		{FA108087-4EC3-47C1-ADE9-6691A92D5DFF}.Ad-Hoc|x64.Deploy.0 = Release|Any CPU
		{FA108087-4EC3-47C1-ADE9-6691A92D5DFF}.Ad-Hoc|x86.ActiveCfg = Release|Any CPU
		{FA108087-4EC3-47C1-ADE9-6691A92D5DFF}.Ad-Hoc|x86.Build.0 = Release|Any CPU
		{FA108087-4EC3-47C1-ADE9-6691A92D5DFF}.Ad-Hoc|x86.Deploy.0 = Release|Any CPU
		{FA108087-4EC3-47C1-ADE9-6691A92D5DFF}.AppStore|Any CPU.ActiveCfg = Release|Any CPU
		{FA108087-4EC3-47C1-ADE9-6691A92D5DFF}.AppStore|Any CPU.Build.0 = Release|Any CPU
		{FA108087-4EC3-47C1-ADE9-6691A92D5DFF}.AppStore|Any CPU.Deploy.0 = Release|Any CPU
		{FA108087-4EC3-47C1-ADE9-6691A92D5DFF}.AppStore|ARM.ActiveCfg = Release|Any CPU
		{FA108087-4EC3-47C1-ADE9-6691A92D5DFF}.AppStore|ARM.Build.0 = Release|Any CPU
		{FA108087-4EC3-47C1-ADE9-6691A92D5DFF}.AppStore|ARM.Deploy.0 = Release|Any CPU
		{FA108087-4EC3-47C1-ADE9-6691A92D5DFF}.AppStore|iPhone.ActiveCfg = Release|Any CPU
		{FA108087-4EC3-47C1-ADE9-6691A92D5DFF}.AppStore|iPhone.Build.0 = Release|Any CPU
		{FA108087-4EC3-47C1-ADE9-6691A92D5DFF}.AppStore|iPhone.Deploy.0 = Release|Any CPU
		{FA108087-4EC3-47C1-ADE9-6691A92D5DFF}.AppStore|iPhoneSimulator.ActiveCfg = Release|Any CPU
		{FA108087-4EC3-47C1-ADE9-6691A92D5DFF}.AppStore|iPhoneSimulator.Build.0 = Release|Any CPU
		{FA108087-4EC3-47C1-ADE9-6691A92D5DFF}.AppStore|iPhoneSimulator.Deploy.0 = Release|Any CPU
		{FA108087-4EC3-47C1-ADE9-6691A92D5DFF}.AppStore|x64.ActiveCfg = Release|Any CPU
		{FA108087-4EC3-47C1-ADE9-6691A92D5DFF}.AppStore|x64.Build.0 = Release|Any CPU
		{FA108087-4EC3-47C1-ADE9-6691A92D5DFF}.AppStore|x64.Deploy.0 = Release|Any CPU
		{FA108087-4EC3-47C1-ADE9-6691A92D5DFF}.AppStore|x86.ActiveCfg = Release|Any CPU
		{FA108087-4EC3-47C1-ADE9-6691A92D5DFF}.AppStore|x86.Build.0 = Release|Any CPU
		{FA108087-4EC3-47C1-ADE9-6691A92D5DFF}.AppStore|x86.Deploy.0 = Release|Any CPU
		{FA108087-4EC3-47C1-ADE9-6691A92D5DFF}.Debug|Any CPU.ActiveCfg = Debug|Any CPU
		{FA108087-4EC3-47C1-ADE9-6691A92D5DFF}.Debug|Any CPU.Build.0 = Debug|Any CPU
		{FA108087-4EC3-47C1-ADE9-6691A92D5DFF}.Debug|Any CPU.Deploy.0 = Debug|Any CPU
		{FA108087-4EC3-47C1-ADE9-6691A92D5DFF}.Debug|ARM.ActiveCfg = Debug|Any CPU
		{FA108087-4EC3-47C1-ADE9-6691A92D5DFF}.Debug|ARM.Build.0 = Debug|Any CPU
		{FA108087-4EC3-47C1-ADE9-6691A92D5DFF}.Debug|ARM.Deploy.0 = Debug|Any CPU
		{FA108087-4EC3-47C1-ADE9-6691A92D5DFF}.Debug|iPhone.ActiveCfg = Debug|Any CPU
		{FA108087-4EC3-47C1-ADE9-6691A92D5DFF}.Debug|iPhone.Build.0 = Debug|Any CPU
		{FA108087-4EC3-47C1-ADE9-6691A92D5DFF}.Debug|iPhone.Deploy.0 = Debug|Any CPU
		{FA108087-4EC3-47C1-ADE9-6691A92D5DFF}.Debug|iPhoneSimulator.ActiveCfg = Debug|Any CPU
		{FA108087-4EC3-47C1-ADE9-6691A92D5DFF}.Debug|iPhoneSimulator.Build.0 = Debug|Any CPU
		{FA108087-4EC3-47C1-ADE9-6691A92D5DFF}.Debug|iPhoneSimulator.Deploy.0 = Debug|Any CPU
		{FA108087-4EC3-47C1-ADE9-6691A92D5DFF}.Debug|x64.ActiveCfg = Debug|Any CPU
		{FA108087-4EC3-47C1-ADE9-6691A92D5DFF}.Debug|x64.Build.0 = Debug|Any CPU
		{FA108087-4EC3-47C1-ADE9-6691A92D5DFF}.Debug|x64.Deploy.0 = Debug|Any CPU
		{FA108087-4EC3-47C1-ADE9-6691A92D5DFF}.Debug|x86.ActiveCfg = Debug|Any CPU
		{FA108087-4EC3-47C1-ADE9-6691A92D5DFF}.Debug|x86.Build.0 = Debug|Any CPU
		{FA108087-4EC3-47C1-ADE9-6691A92D5DFF}.Debug|x86.Deploy.0 = Debug|Any CPU
		{FA108087-4EC3-47C1-ADE9-6691A92D5DFF}.Release|Any CPU.ActiveCfg = Release|Any CPU
		{FA108087-4EC3-47C1-ADE9-6691A92D5DFF}.Release|Any CPU.Build.0 = Release|Any CPU
		{FA108087-4EC3-47C1-ADE9-6691A92D5DFF}.Release|Any CPU.Deploy.0 = Release|Any CPU
		{FA108087-4EC3-47C1-ADE9-6691A92D5DFF}.Release|ARM.ActiveCfg = Release|Any CPU
		{FA108087-4EC3-47C1-ADE9-6691A92D5DFF}.Release|ARM.Build.0 = Release|Any CPU
		{FA108087-4EC3-47C1-ADE9-6691A92D5DFF}.Release|ARM.Deploy.0 = Release|Any CPU
		{FA108087-4EC3-47C1-ADE9-6691A92D5DFF}.Release|iPhone.ActiveCfg = Release|Any CPU
		{FA108087-4EC3-47C1-ADE9-6691A92D5DFF}.Release|iPhone.Build.0 = Release|Any CPU
		{FA108087-4EC3-47C1-ADE9-6691A92D5DFF}.Release|iPhone.Deploy.0 = Release|Any CPU
		{FA108087-4EC3-47C1-ADE9-6691A92D5DFF}.Release|iPhoneSimulator.ActiveCfg = Release|Any CPU
		{FA108087-4EC3-47C1-ADE9-6691A92D5DFF}.Release|iPhoneSimulator.Build.0 = Release|Any CPU
		{FA108087-4EC3-47C1-ADE9-6691A92D5DFF}.Release|iPhoneSimulator.Deploy.0 = Release|Any CPU
		{FA108087-4EC3-47C1-ADE9-6691A92D5DFF}.Release|x64.ActiveCfg = Release|Any CPU
		{FA108087-4EC3-47C1-ADE9-6691A92D5DFF}.Release|x64.Build.0 = Release|Any CPU
		{FA108087-4EC3-47C1-ADE9-6691A92D5DFF}.Release|x64.Deploy.0 = Release|Any CPU
		{FA108087-4EC3-47C1-ADE9-6691A92D5DFF}.Release|x86.ActiveCfg = Release|Any CPU
		{FA108087-4EC3-47C1-ADE9-6691A92D5DFF}.Release|x86.Build.0 = Release|Any CPU
		{FA108087-4EC3-47C1-ADE9-6691A92D5DFF}.Release|x86.Deploy.0 = Release|Any CPU
		{A1A8F8F4-EFA7-4635-AAB4-8DB2D8298246}.Ad-Hoc|Any CPU.ActiveCfg = Ad-Hoc|iPhone
		{A1A8F8F4-EFA7-4635-AAB4-8DB2D8298246}.Ad-Hoc|ARM.ActiveCfg = Ad-Hoc|iPhone
		{A1A8F8F4-EFA7-4635-AAB4-8DB2D8298246}.Ad-Hoc|iPhone.ActiveCfg = Ad-Hoc|iPhone
		{A1A8F8F4-EFA7-4635-AAB4-8DB2D8298246}.Ad-Hoc|iPhone.Build.0 = Ad-Hoc|iPhone
		{A1A8F8F4-EFA7-4635-AAB4-8DB2D8298246}.Ad-Hoc|iPhoneSimulator.ActiveCfg = Ad-Hoc|iPhoneSimulator
		{A1A8F8F4-EFA7-4635-AAB4-8DB2D8298246}.Ad-Hoc|iPhoneSimulator.Build.0 = Ad-Hoc|iPhoneSimulator
		{A1A8F8F4-EFA7-4635-AAB4-8DB2D8298246}.Ad-Hoc|x64.ActiveCfg = Ad-Hoc|iPhone
		{A1A8F8F4-EFA7-4635-AAB4-8DB2D8298246}.Ad-Hoc|x86.ActiveCfg = Ad-Hoc|iPhone
		{A1A8F8F4-EFA7-4635-AAB4-8DB2D8298246}.AppStore|Any CPU.ActiveCfg = AppStore|iPhone
		{A1A8F8F4-EFA7-4635-AAB4-8DB2D8298246}.AppStore|ARM.ActiveCfg = AppStore|iPhone
		{A1A8F8F4-EFA7-4635-AAB4-8DB2D8298246}.AppStore|iPhone.ActiveCfg = AppStore|iPhone
		{A1A8F8F4-EFA7-4635-AAB4-8DB2D8298246}.AppStore|iPhone.Build.0 = AppStore|iPhone
		{A1A8F8F4-EFA7-4635-AAB4-8DB2D8298246}.AppStore|iPhoneSimulator.ActiveCfg = AppStore|iPhoneSimulator
		{A1A8F8F4-EFA7-4635-AAB4-8DB2D8298246}.AppStore|iPhoneSimulator.Build.0 = AppStore|iPhoneSimulator
		{A1A8F8F4-EFA7-4635-AAB4-8DB2D8298246}.AppStore|x64.ActiveCfg = AppStore|iPhone
		{A1A8F8F4-EFA7-4635-AAB4-8DB2D8298246}.AppStore|x86.ActiveCfg = AppStore|iPhone
		{A1A8F8F4-EFA7-4635-AAB4-8DB2D8298246}.Debug|Any CPU.ActiveCfg = Debug|iPhone
		{A1A8F8F4-EFA7-4635-AAB4-8DB2D8298246}.Debug|ARM.ActiveCfg = Debug|iPhone
		{A1A8F8F4-EFA7-4635-AAB4-8DB2D8298246}.Debug|iPhone.ActiveCfg = Debug|iPhone
		{A1A8F8F4-EFA7-4635-AAB4-8DB2D8298246}.Debug|iPhone.Build.0 = Debug|iPhone
		{A1A8F8F4-EFA7-4635-AAB4-8DB2D8298246}.Debug|iPhoneSimulator.ActiveCfg = Debug|iPhoneSimulator
		{A1A8F8F4-EFA7-4635-AAB4-8DB2D8298246}.Debug|iPhoneSimulator.Build.0 = Debug|iPhoneSimulator
		{A1A8F8F4-EFA7-4635-AAB4-8DB2D8298246}.Debug|x64.ActiveCfg = Debug|iPhone
		{A1A8F8F4-EFA7-4635-AAB4-8DB2D8298246}.Debug|x86.ActiveCfg = Debug|iPhone
		{A1A8F8F4-EFA7-4635-AAB4-8DB2D8298246}.Release|Any CPU.ActiveCfg = Release|iPhone
		{A1A8F8F4-EFA7-4635-AAB4-8DB2D8298246}.Release|ARM.ActiveCfg = Release|iPhone
		{A1A8F8F4-EFA7-4635-AAB4-8DB2D8298246}.Release|iPhone.ActiveCfg = Release|iPhone
		{A1A8F8F4-EFA7-4635-AAB4-8DB2D8298246}.Release|iPhone.Build.0 = Release|iPhone
		{A1A8F8F4-EFA7-4635-AAB4-8DB2D8298246}.Release|iPhoneSimulator.ActiveCfg = Release|iPhoneSimulator
		{A1A8F8F4-EFA7-4635-AAB4-8DB2D8298246}.Release|iPhoneSimulator.Build.0 = Release|iPhoneSimulator
		{A1A8F8F4-EFA7-4635-AAB4-8DB2D8298246}.Release|x64.ActiveCfg = Release|iPhone
		{A1A8F8F4-EFA7-4635-AAB4-8DB2D8298246}.Release|x86.ActiveCfg = Release|iPhone
		{1117FBE9-A3C8-4A40-9FE1-B03C883A9708}.Ad-Hoc|Any CPU.ActiveCfg = Release|Any CPU
		{1117FBE9-A3C8-4A40-9FE1-B03C883A9708}.Ad-Hoc|Any CPU.Build.0 = Release|Any CPU
		{1117FBE9-A3C8-4A40-9FE1-B03C883A9708}.Ad-Hoc|Any CPU.Deploy.0 = Release|Any CPU
		{1117FBE9-A3C8-4A40-9FE1-B03C883A9708}.Ad-Hoc|ARM.ActiveCfg = Release|ARM
		{1117FBE9-A3C8-4A40-9FE1-B03C883A9708}.Ad-Hoc|ARM.Build.0 = Release|ARM
		{1117FBE9-A3C8-4A40-9FE1-B03C883A9708}.Ad-Hoc|ARM.Deploy.0 = Release|ARM
		{1117FBE9-A3C8-4A40-9FE1-B03C883A9708}.Ad-Hoc|iPhone.ActiveCfg = Release|Any CPU
		{1117FBE9-A3C8-4A40-9FE1-B03C883A9708}.Ad-Hoc|iPhone.Build.0 = Release|Any CPU
		{1117FBE9-A3C8-4A40-9FE1-B03C883A9708}.Ad-Hoc|iPhone.Deploy.0 = Release|Any CPU
		{1117FBE9-A3C8-4A40-9FE1-B03C883A9708}.Ad-Hoc|iPhoneSimulator.ActiveCfg = Release|Any CPU
		{1117FBE9-A3C8-4A40-9FE1-B03C883A9708}.Ad-Hoc|iPhoneSimulator.Build.0 = Release|Any CPU
		{1117FBE9-A3C8-4A40-9FE1-B03C883A9708}.Ad-Hoc|iPhoneSimulator.Deploy.0 = Release|Any CPU
		{1117FBE9-A3C8-4A40-9FE1-B03C883A9708}.Ad-Hoc|x64.ActiveCfg = Release|Any CPU
		{1117FBE9-A3C8-4A40-9FE1-B03C883A9708}.Ad-Hoc|x64.Build.0 = Release|Any CPU
		{1117FBE9-A3C8-4A40-9FE1-B03C883A9708}.Ad-Hoc|x64.Deploy.0 = Release|Any CPU
		{1117FBE9-A3C8-4A40-9FE1-B03C883A9708}.Ad-Hoc|x86.ActiveCfg = Release|x86
		{1117FBE9-A3C8-4A40-9FE1-B03C883A9708}.Ad-Hoc|x86.Build.0 = Release|x86
		{1117FBE9-A3C8-4A40-9FE1-B03C883A9708}.Ad-Hoc|x86.Deploy.0 = Release|x86
		{1117FBE9-A3C8-4A40-9FE1-B03C883A9708}.AppStore|Any CPU.ActiveCfg = Release|Any CPU
		{1117FBE9-A3C8-4A40-9FE1-B03C883A9708}.AppStore|Any CPU.Build.0 = Release|Any CPU
		{1117FBE9-A3C8-4A40-9FE1-B03C883A9708}.AppStore|Any CPU.Deploy.0 = Release|Any CPU
		{1117FBE9-A3C8-4A40-9FE1-B03C883A9708}.AppStore|ARM.ActiveCfg = Release|ARM
		{1117FBE9-A3C8-4A40-9FE1-B03C883A9708}.AppStore|ARM.Build.0 = Release|ARM
		{1117FBE9-A3C8-4A40-9FE1-B03C883A9708}.AppStore|ARM.Deploy.0 = Release|ARM
		{1117FBE9-A3C8-4A40-9FE1-B03C883A9708}.AppStore|iPhone.ActiveCfg = Release|Any CPU
		{1117FBE9-A3C8-4A40-9FE1-B03C883A9708}.AppStore|iPhone.Build.0 = Release|Any CPU
		{1117FBE9-A3C8-4A40-9FE1-B03C883A9708}.AppStore|iPhone.Deploy.0 = Release|Any CPU
		{1117FBE9-A3C8-4A40-9FE1-B03C883A9708}.AppStore|iPhoneSimulator.ActiveCfg = Release|Any CPU
		{1117FBE9-A3C8-4A40-9FE1-B03C883A9708}.AppStore|iPhoneSimulator.Build.0 = Release|Any CPU
		{1117FBE9-A3C8-4A40-9FE1-B03C883A9708}.AppStore|iPhoneSimulator.Deploy.0 = Release|Any CPU
		{1117FBE9-A3C8-4A40-9FE1-B03C883A9708}.AppStore|x64.ActiveCfg = Release|Any CPU
		{1117FBE9-A3C8-4A40-9FE1-B03C883A9708}.AppStore|x64.Build.0 = Release|Any CPU
		{1117FBE9-A3C8-4A40-9FE1-B03C883A9708}.AppStore|x64.Deploy.0 = Release|Any CPU
		{1117FBE9-A3C8-4A40-9FE1-B03C883A9708}.AppStore|x86.ActiveCfg = Release|x86
		{1117FBE9-A3C8-4A40-9FE1-B03C883A9708}.AppStore|x86.Build.0 = Release|x86
		{1117FBE9-A3C8-4A40-9FE1-B03C883A9708}.AppStore|x86.Deploy.0 = Release|x86
		{1117FBE9-A3C8-4A40-9FE1-B03C883A9708}.Debug|Any CPU.ActiveCfg = Debug|Any CPU
		{1117FBE9-A3C8-4A40-9FE1-B03C883A9708}.Debug|Any CPU.Build.0 = Debug|Any CPU
		{1117FBE9-A3C8-4A40-9FE1-B03C883A9708}.Debug|Any CPU.Deploy.0 = Debug|Any CPU
		{1117FBE9-A3C8-4A40-9FE1-B03C883A9708}.Debug|ARM.ActiveCfg = Debug|ARM
		{1117FBE9-A3C8-4A40-9FE1-B03C883A9708}.Debug|ARM.Build.0 = Debug|ARM
		{1117FBE9-A3C8-4A40-9FE1-B03C883A9708}.Debug|ARM.Deploy.0 = Debug|ARM
		{1117FBE9-A3C8-4A40-9FE1-B03C883A9708}.Debug|iPhone.ActiveCfg = Debug|Any CPU
		{1117FBE9-A3C8-4A40-9FE1-B03C883A9708}.Debug|iPhone.Build.0 = Debug|Any CPU
		{1117FBE9-A3C8-4A40-9FE1-B03C883A9708}.Debug|iPhone.Deploy.0 = Debug|Any CPU
		{1117FBE9-A3C8-4A40-9FE1-B03C883A9708}.Debug|iPhoneSimulator.ActiveCfg = Debug|Any CPU
		{1117FBE9-A3C8-4A40-9FE1-B03C883A9708}.Debug|iPhoneSimulator.Build.0 = Debug|Any CPU
		{1117FBE9-A3C8-4A40-9FE1-B03C883A9708}.Debug|iPhoneSimulator.Deploy.0 = Debug|Any CPU
		{1117FBE9-A3C8-4A40-9FE1-B03C883A9708}.Debug|x64.ActiveCfg = Debug|Any CPU
		{1117FBE9-A3C8-4A40-9FE1-B03C883A9708}.Debug|x64.Build.0 = Debug|Any CPU
		{1117FBE9-A3C8-4A40-9FE1-B03C883A9708}.Debug|x64.Deploy.0 = Debug|Any CPU
		{1117FBE9-A3C8-4A40-9FE1-B03C883A9708}.Debug|x86.ActiveCfg = Debug|x86
		{1117FBE9-A3C8-4A40-9FE1-B03C883A9708}.Debug|x86.Build.0 = Debug|x86
		{1117FBE9-A3C8-4A40-9FE1-B03C883A9708}.Debug|x86.Deploy.0 = Debug|x86
		{1117FBE9-A3C8-4A40-9FE1-B03C883A9708}.Release|Any CPU.ActiveCfg = Release|Any CPU
		{1117FBE9-A3C8-4A40-9FE1-B03C883A9708}.Release|Any CPU.Build.0 = Release|Any CPU
		{1117FBE9-A3C8-4A40-9FE1-B03C883A9708}.Release|Any CPU.Deploy.0 = Release|Any CPU
		{1117FBE9-A3C8-4A40-9FE1-B03C883A9708}.Release|ARM.ActiveCfg = Release|ARM
		{1117FBE9-A3C8-4A40-9FE1-B03C883A9708}.Release|ARM.Build.0 = Release|ARM
		{1117FBE9-A3C8-4A40-9FE1-B03C883A9708}.Release|ARM.Deploy.0 = Release|ARM
		{1117FBE9-A3C8-4A40-9FE1-B03C883A9708}.Release|iPhone.ActiveCfg = Release|Any CPU
		{1117FBE9-A3C8-4A40-9FE1-B03C883A9708}.Release|iPhone.Build.0 = Release|Any CPU
		{1117FBE9-A3C8-4A40-9FE1-B03C883A9708}.Release|iPhone.Deploy.0 = Release|Any CPU
		{1117FBE9-A3C8-4A40-9FE1-B03C883A9708}.Release|iPhoneSimulator.ActiveCfg = Release|Any CPU
		{1117FBE9-A3C8-4A40-9FE1-B03C883A9708}.Release|iPhoneSimulator.Build.0 = Release|Any CPU
		{1117FBE9-A3C8-4A40-9FE1-B03C883A9708}.Release|iPhoneSimulator.Deploy.0 = Release|Any CPU
		{1117FBE9-A3C8-4A40-9FE1-B03C883A9708}.Release|x64.ActiveCfg = Release|Any CPU
		{1117FBE9-A3C8-4A40-9FE1-B03C883A9708}.Release|x64.Build.0 = Release|Any CPU
		{1117FBE9-A3C8-4A40-9FE1-B03C883A9708}.Release|x64.Deploy.0 = Release|Any CPU
		{1117FBE9-A3C8-4A40-9FE1-B03C883A9708}.Release|x86.ActiveCfg = Release|x86
		{1117FBE9-A3C8-4A40-9FE1-B03C883A9708}.Release|x86.Build.0 = Release|x86
		{1117FBE9-A3C8-4A40-9FE1-B03C883A9708}.Release|x86.Deploy.0 = Release|x86
		{0CD852F1-3081-4967-A13F-CAF37C2940BB}.Ad-Hoc|Any CPU.ActiveCfg = Release|x86
		{0CD852F1-3081-4967-A13F-CAF37C2940BB}.Ad-Hoc|Any CPU.Build.0 = Release|x86
		{0CD852F1-3081-4967-A13F-CAF37C2940BB}.Ad-Hoc|Any CPU.Deploy.0 = Release|x86
		{0CD852F1-3081-4967-A13F-CAF37C2940BB}.Ad-Hoc|ARM.ActiveCfg = Release|ARM
		{0CD852F1-3081-4967-A13F-CAF37C2940BB}.Ad-Hoc|ARM.Build.0 = Release|ARM
		{0CD852F1-3081-4967-A13F-CAF37C2940BB}.Ad-Hoc|ARM.Deploy.0 = Release|ARM
		{0CD852F1-3081-4967-A13F-CAF37C2940BB}.Ad-Hoc|iPhone.ActiveCfg = Release|x86
		{0CD852F1-3081-4967-A13F-CAF37C2940BB}.Ad-Hoc|iPhone.Build.0 = Release|x86
		{0CD852F1-3081-4967-A13F-CAF37C2940BB}.Ad-Hoc|iPhone.Deploy.0 = Release|x86
		{0CD852F1-3081-4967-A13F-CAF37C2940BB}.Ad-Hoc|iPhoneSimulator.ActiveCfg = Release|x86
		{0CD852F1-3081-4967-A13F-CAF37C2940BB}.Ad-Hoc|iPhoneSimulator.Build.0 = Release|x86
		{0CD852F1-3081-4967-A13F-CAF37C2940BB}.Ad-Hoc|iPhoneSimulator.Deploy.0 = Release|x86
		{0CD852F1-3081-4967-A13F-CAF37C2940BB}.Ad-Hoc|x64.ActiveCfg = Release|x64
		{0CD852F1-3081-4967-A13F-CAF37C2940BB}.Ad-Hoc|x64.Build.0 = Release|x64
		{0CD852F1-3081-4967-A13F-CAF37C2940BB}.Ad-Hoc|x64.Deploy.0 = Release|x64
		{0CD852F1-3081-4967-A13F-CAF37C2940BB}.Ad-Hoc|x86.ActiveCfg = Release|x86
		{0CD852F1-3081-4967-A13F-CAF37C2940BB}.Ad-Hoc|x86.Build.0 = Release|x86
		{0CD852F1-3081-4967-A13F-CAF37C2940BB}.Ad-Hoc|x86.Deploy.0 = Release|x86
		{0CD852F1-3081-4967-A13F-CAF37C2940BB}.AppStore|Any CPU.ActiveCfg = Release|x86
		{0CD852F1-3081-4967-A13F-CAF37C2940BB}.AppStore|Any CPU.Build.0 = Release|x86
		{0CD852F1-3081-4967-A13F-CAF37C2940BB}.AppStore|Any CPU.Deploy.0 = Release|x86
		{0CD852F1-3081-4967-A13F-CAF37C2940BB}.AppStore|ARM.ActiveCfg = Release|ARM
		{0CD852F1-3081-4967-A13F-CAF37C2940BB}.AppStore|ARM.Build.0 = Release|ARM
		{0CD852F1-3081-4967-A13F-CAF37C2940BB}.AppStore|ARM.Deploy.0 = Release|ARM
		{0CD852F1-3081-4967-A13F-CAF37C2940BB}.AppStore|iPhone.ActiveCfg = Release|x86
		{0CD852F1-3081-4967-A13F-CAF37C2940BB}.AppStore|iPhone.Build.0 = Release|x86
		{0CD852F1-3081-4967-A13F-CAF37C2940BB}.AppStore|iPhone.Deploy.0 = Release|x86
		{0CD852F1-3081-4967-A13F-CAF37C2940BB}.AppStore|iPhoneSimulator.ActiveCfg = Release|x86
		{0CD852F1-3081-4967-A13F-CAF37C2940BB}.AppStore|iPhoneSimulator.Build.0 = Release|x86
		{0CD852F1-3081-4967-A13F-CAF37C2940BB}.AppStore|iPhoneSimulator.Deploy.0 = Release|x86
		{0CD852F1-3081-4967-A13F-CAF37C2940BB}.AppStore|x64.ActiveCfg = Release|x64
		{0CD852F1-3081-4967-A13F-CAF37C2940BB}.AppStore|x64.Build.0 = Release|x64
		{0CD852F1-3081-4967-A13F-CAF37C2940BB}.AppStore|x64.Deploy.0 = Release|x64
		{0CD852F1-3081-4967-A13F-CAF37C2940BB}.AppStore|x86.ActiveCfg = Release|x86
		{0CD852F1-3081-4967-A13F-CAF37C2940BB}.AppStore|x86.Build.0 = Release|x86
		{0CD852F1-3081-4967-A13F-CAF37C2940BB}.AppStore|x86.Deploy.0 = Release|x86
		{0CD852F1-3081-4967-A13F-CAF37C2940BB}.Debug|Any CPU.ActiveCfg = Debug|x86
		{0CD852F1-3081-4967-A13F-CAF37C2940BB}.Debug|ARM.ActiveCfg = Debug|ARM
		{0CD852F1-3081-4967-A13F-CAF37C2940BB}.Debug|ARM.Build.0 = Debug|ARM
		{0CD852F1-3081-4967-A13F-CAF37C2940BB}.Debug|ARM.Deploy.0 = Debug|ARM
		{0CD852F1-3081-4967-A13F-CAF37C2940BB}.Debug|iPhone.ActiveCfg = Debug|x86
		{0CD852F1-3081-4967-A13F-CAF37C2940BB}.Debug|iPhoneSimulator.ActiveCfg = Debug|x86
		{0CD852F1-3081-4967-A13F-CAF37C2940BB}.Debug|x64.ActiveCfg = Debug|x64
		{0CD852F1-3081-4967-A13F-CAF37C2940BB}.Debug|x64.Build.0 = Debug|x64
		{0CD852F1-3081-4967-A13F-CAF37C2940BB}.Debug|x64.Deploy.0 = Debug|x64
		{0CD852F1-3081-4967-A13F-CAF37C2940BB}.Debug|x86.ActiveCfg = Debug|x86
		{0CD852F1-3081-4967-A13F-CAF37C2940BB}.Debug|x86.Build.0 = Debug|x86
		{0CD852F1-3081-4967-A13F-CAF37C2940BB}.Debug|x86.Deploy.0 = Debug|x86
		{0CD852F1-3081-4967-A13F-CAF37C2940BB}.Release|Any CPU.ActiveCfg = Release|x86
		{0CD852F1-3081-4967-A13F-CAF37C2940BB}.Release|ARM.ActiveCfg = Release|ARM
		{0CD852F1-3081-4967-A13F-CAF37C2940BB}.Release|ARM.Build.0 = Release|ARM
		{0CD852F1-3081-4967-A13F-CAF37C2940BB}.Release|ARM.Deploy.0 = Release|ARM
		{0CD852F1-3081-4967-A13F-CAF37C2940BB}.Release|iPhone.ActiveCfg = Release|x86
		{0CD852F1-3081-4967-A13F-CAF37C2940BB}.Release|iPhoneSimulator.ActiveCfg = Release|x86
		{0CD852F1-3081-4967-A13F-CAF37C2940BB}.Release|x64.ActiveCfg = Release|x64
		{0CD852F1-3081-4967-A13F-CAF37C2940BB}.Release|x64.Build.0 = Release|x64
		{0CD852F1-3081-4967-A13F-CAF37C2940BB}.Release|x64.Deploy.0 = Release|x64
		{0CD852F1-3081-4967-A13F-CAF37C2940BB}.Release|x86.ActiveCfg = Release|x86
		{0CD852F1-3081-4967-A13F-CAF37C2940BB}.Release|x86.Build.0 = Release|x86
		{0CD852F1-3081-4967-A13F-CAF37C2940BB}.Release|x86.Deploy.0 = Release|x86
		{AE717BE0-0D0F-4F6C-9216-CD73ED802190}.Ad-Hoc|Any CPU.ActiveCfg = Release|Any CPU
		{AE717BE0-0D0F-4F6C-9216-CD73ED802190}.Ad-Hoc|Any CPU.Build.0 = Release|Any CPU
		{AE717BE0-0D0F-4F6C-9216-CD73ED802190}.Ad-Hoc|Any CPU.Deploy.0 = Release|Any CPU
		{AE717BE0-0D0F-4F6C-9216-CD73ED802190}.Ad-Hoc|ARM.ActiveCfg = Release|ARM
		{AE717BE0-0D0F-4F6C-9216-CD73ED802190}.Ad-Hoc|ARM.Build.0 = Release|ARM
		{AE717BE0-0D0F-4F6C-9216-CD73ED802190}.Ad-Hoc|ARM.Deploy.0 = Release|ARM
		{AE717BE0-0D0F-4F6C-9216-CD73ED802190}.Ad-Hoc|iPhone.ActiveCfg = Release|Any CPU
		{AE717BE0-0D0F-4F6C-9216-CD73ED802190}.Ad-Hoc|iPhone.Build.0 = Release|Any CPU
		{AE717BE0-0D0F-4F6C-9216-CD73ED802190}.Ad-Hoc|iPhone.Deploy.0 = Release|Any CPU
		{AE717BE0-0D0F-4F6C-9216-CD73ED802190}.Ad-Hoc|iPhoneSimulator.ActiveCfg = Release|Any CPU
		{AE717BE0-0D0F-4F6C-9216-CD73ED802190}.Ad-Hoc|iPhoneSimulator.Build.0 = Release|Any CPU
		{AE717BE0-0D0F-4F6C-9216-CD73ED802190}.Ad-Hoc|iPhoneSimulator.Deploy.0 = Release|Any CPU
		{AE717BE0-0D0F-4F6C-9216-CD73ED802190}.Ad-Hoc|x64.ActiveCfg = Release|x64
		{AE717BE0-0D0F-4F6C-9216-CD73ED802190}.Ad-Hoc|x64.Build.0 = Release|x64
		{AE717BE0-0D0F-4F6C-9216-CD73ED802190}.Ad-Hoc|x64.Deploy.0 = Release|x64
		{AE717BE0-0D0F-4F6C-9216-CD73ED802190}.Ad-Hoc|x86.ActiveCfg = Release|x86
		{AE717BE0-0D0F-4F6C-9216-CD73ED802190}.Ad-Hoc|x86.Build.0 = Release|x86
		{AE717BE0-0D0F-4F6C-9216-CD73ED802190}.Ad-Hoc|x86.Deploy.0 = Release|x86
		{AE717BE0-0D0F-4F6C-9216-CD73ED802190}.AppStore|Any CPU.ActiveCfg = Release|Any CPU
		{AE717BE0-0D0F-4F6C-9216-CD73ED802190}.AppStore|Any CPU.Build.0 = Release|Any CPU
		{AE717BE0-0D0F-4F6C-9216-CD73ED802190}.AppStore|Any CPU.Deploy.0 = Release|Any CPU
		{AE717BE0-0D0F-4F6C-9216-CD73ED802190}.AppStore|ARM.ActiveCfg = Release|ARM
		{AE717BE0-0D0F-4F6C-9216-CD73ED802190}.AppStore|ARM.Build.0 = Release|ARM
		{AE717BE0-0D0F-4F6C-9216-CD73ED802190}.AppStore|ARM.Deploy.0 = Release|ARM
		{AE717BE0-0D0F-4F6C-9216-CD73ED802190}.AppStore|iPhone.ActiveCfg = Release|Any CPU
		{AE717BE0-0D0F-4F6C-9216-CD73ED802190}.AppStore|iPhone.Build.0 = Release|Any CPU
		{AE717BE0-0D0F-4F6C-9216-CD73ED802190}.AppStore|iPhone.Deploy.0 = Release|Any CPU
		{AE717BE0-0D0F-4F6C-9216-CD73ED802190}.AppStore|iPhoneSimulator.ActiveCfg = Release|Any CPU
		{AE717BE0-0D0F-4F6C-9216-CD73ED802190}.AppStore|iPhoneSimulator.Build.0 = Release|Any CPU
		{AE717BE0-0D0F-4F6C-9216-CD73ED802190}.AppStore|iPhoneSimulator.Deploy.0 = Release|Any CPU
		{AE717BE0-0D0F-4F6C-9216-CD73ED802190}.AppStore|x64.ActiveCfg = Release|x64
		{AE717BE0-0D0F-4F6C-9216-CD73ED802190}.AppStore|x64.Build.0 = Release|x64
		{AE717BE0-0D0F-4F6C-9216-CD73ED802190}.AppStore|x64.Deploy.0 = Release|x64
		{AE717BE0-0D0F-4F6C-9216-CD73ED802190}.AppStore|x86.ActiveCfg = Release|x86
		{AE717BE0-0D0F-4F6C-9216-CD73ED802190}.AppStore|x86.Build.0 = Release|x86
		{AE717BE0-0D0F-4F6C-9216-CD73ED802190}.AppStore|x86.Deploy.0 = Release|x86
		{AE717BE0-0D0F-4F6C-9216-CD73ED802190}.Debug|Any CPU.ActiveCfg = Debug|Any CPU
		{AE717BE0-0D0F-4F6C-9216-CD73ED802190}.Debug|Any CPU.Build.0 = Debug|Any CPU
		{AE717BE0-0D0F-4F6C-9216-CD73ED802190}.Debug|Any CPU.Deploy.0 = Debug|Any CPU
		{AE717BE0-0D0F-4F6C-9216-CD73ED802190}.Debug|ARM.ActiveCfg = Debug|ARM
		{AE717BE0-0D0F-4F6C-9216-CD73ED802190}.Debug|ARM.Build.0 = Debug|ARM
		{AE717BE0-0D0F-4F6C-9216-CD73ED802190}.Debug|ARM.Deploy.0 = Debug|ARM
		{AE717BE0-0D0F-4F6C-9216-CD73ED802190}.Debug|iPhone.ActiveCfg = Debug|Any CPU
		{AE717BE0-0D0F-4F6C-9216-CD73ED802190}.Debug|iPhone.Build.0 = Debug|Any CPU
		{AE717BE0-0D0F-4F6C-9216-CD73ED802190}.Debug|iPhone.Deploy.0 = Debug|Any CPU
		{AE717BE0-0D0F-4F6C-9216-CD73ED802190}.Debug|iPhoneSimulator.ActiveCfg = Debug|Any CPU
		{AE717BE0-0D0F-4F6C-9216-CD73ED802190}.Debug|iPhoneSimulator.Build.0 = Debug|Any CPU
		{AE717BE0-0D0F-4F6C-9216-CD73ED802190}.Debug|iPhoneSimulator.Deploy.0 = Debug|Any CPU
		{AE717BE0-0D0F-4F6C-9216-CD73ED802190}.Debug|x64.ActiveCfg = Debug|x64
		{AE717BE0-0D0F-4F6C-9216-CD73ED802190}.Debug|x64.Build.0 = Debug|x64
		{AE717BE0-0D0F-4F6C-9216-CD73ED802190}.Debug|x64.Deploy.0 = Debug|x64
		{AE717BE0-0D0F-4F6C-9216-CD73ED802190}.Debug|x86.ActiveCfg = Debug|x86
		{AE717BE0-0D0F-4F6C-9216-CD73ED802190}.Debug|x86.Build.0 = Debug|x86
		{AE717BE0-0D0F-4F6C-9216-CD73ED802190}.Debug|x86.Deploy.0 = Debug|x86
		{AE717BE0-0D0F-4F6C-9216-CD73ED802190}.Release|Any CPU.ActiveCfg = Release|Any CPU
		{AE717BE0-0D0F-4F6C-9216-CD73ED802190}.Release|Any CPU.Build.0 = Release|Any CPU
		{AE717BE0-0D0F-4F6C-9216-CD73ED802190}.Release|Any CPU.Deploy.0 = Release|Any CPU
		{AE717BE0-0D0F-4F6C-9216-CD73ED802190}.Release|ARM.ActiveCfg = Release|ARM
		{AE717BE0-0D0F-4F6C-9216-CD73ED802190}.Release|ARM.Build.0 = Release|ARM
		{AE717BE0-0D0F-4F6C-9216-CD73ED802190}.Release|ARM.Deploy.0 = Release|ARM
		{AE717BE0-0D0F-4F6C-9216-CD73ED802190}.Release|iPhone.ActiveCfg = Release|Any CPU
		{AE717BE0-0D0F-4F6C-9216-CD73ED802190}.Release|iPhone.Build.0 = Release|Any CPU
		{AE717BE0-0D0F-4F6C-9216-CD73ED802190}.Release|iPhone.Deploy.0 = Release|Any CPU
		{AE717BE0-0D0F-4F6C-9216-CD73ED802190}.Release|iPhoneSimulator.ActiveCfg = Release|Any CPU
		{AE717BE0-0D0F-4F6C-9216-CD73ED802190}.Release|iPhoneSimulator.Build.0 = Release|Any CPU
		{AE717BE0-0D0F-4F6C-9216-CD73ED802190}.Release|iPhoneSimulator.Deploy.0 = Release|Any CPU
		{AE717BE0-0D0F-4F6C-9216-CD73ED802190}.Release|x64.ActiveCfg = Release|x64
		{AE717BE0-0D0F-4F6C-9216-CD73ED802190}.Release|x64.Build.0 = Release|x64
		{AE717BE0-0D0F-4F6C-9216-CD73ED802190}.Release|x64.Deploy.0 = Release|x64
		{AE717BE0-0D0F-4F6C-9216-CD73ED802190}.Release|x86.ActiveCfg = Release|x86
		{AE717BE0-0D0F-4F6C-9216-CD73ED802190}.Release|x86.Build.0 = Release|x86
		{AE717BE0-0D0F-4F6C-9216-CD73ED802190}.Release|x86.Deploy.0 = Release|x86
		{A2F7B5E2-7E6C-4E47-B272-EB5BEF04649E}.Ad-Hoc|Any CPU.ActiveCfg = Release|Any CPU
		{A2F7B5E2-7E6C-4E47-B272-EB5BEF04649E}.Ad-Hoc|Any CPU.Build.0 = Release|Any CPU
		{A2F7B5E2-7E6C-4E47-B272-EB5BEF04649E}.Ad-Hoc|ARM.ActiveCfg = Release|Any CPU
		{A2F7B5E2-7E6C-4E47-B272-EB5BEF04649E}.Ad-Hoc|ARM.Build.0 = Release|Any CPU
		{A2F7B5E2-7E6C-4E47-B272-EB5BEF04649E}.Ad-Hoc|iPhone.ActiveCfg = Release|Any CPU
		{A2F7B5E2-7E6C-4E47-B272-EB5BEF04649E}.Ad-Hoc|iPhone.Build.0 = Release|Any CPU
		{A2F7B5E2-7E6C-4E47-B272-EB5BEF04649E}.Ad-Hoc|iPhoneSimulator.ActiveCfg = Release|Any CPU
		{A2F7B5E2-7E6C-4E47-B272-EB5BEF04649E}.Ad-Hoc|iPhoneSimulator.Build.0 = Release|Any CPU
		{A2F7B5E2-7E6C-4E47-B272-EB5BEF04649E}.Ad-Hoc|x64.ActiveCfg = Release|Any CPU
		{A2F7B5E2-7E6C-4E47-B272-EB5BEF04649E}.Ad-Hoc|x64.Build.0 = Release|Any CPU
		{A2F7B5E2-7E6C-4E47-B272-EB5BEF04649E}.Ad-Hoc|x86.ActiveCfg = Release|Any CPU
		{A2F7B5E2-7E6C-4E47-B272-EB5BEF04649E}.Ad-Hoc|x86.Build.0 = Release|Any CPU
		{A2F7B5E2-7E6C-4E47-B272-EB5BEF04649E}.AppStore|Any CPU.ActiveCfg = Release|Any CPU
		{A2F7B5E2-7E6C-4E47-B272-EB5BEF04649E}.AppStore|Any CPU.Build.0 = Release|Any CPU
		{A2F7B5E2-7E6C-4E47-B272-EB5BEF04649E}.AppStore|ARM.ActiveCfg = Release|Any CPU
		{A2F7B5E2-7E6C-4E47-B272-EB5BEF04649E}.AppStore|ARM.Build.0 = Release|Any CPU
		{A2F7B5E2-7E6C-4E47-B272-EB5BEF04649E}.AppStore|iPhone.ActiveCfg = Release|Any CPU
		{A2F7B5E2-7E6C-4E47-B272-EB5BEF04649E}.AppStore|iPhone.Build.0 = Release|Any CPU
		{A2F7B5E2-7E6C-4E47-B272-EB5BEF04649E}.AppStore|iPhoneSimulator.ActiveCfg = Release|Any CPU
		{A2F7B5E2-7E6C-4E47-B272-EB5BEF04649E}.AppStore|iPhoneSimulator.Build.0 = Release|Any CPU
		{A2F7B5E2-7E6C-4E47-B272-EB5BEF04649E}.AppStore|x64.ActiveCfg = Release|Any CPU
		{A2F7B5E2-7E6C-4E47-B272-EB5BEF04649E}.AppStore|x64.Build.0 = Release|Any CPU
		{A2F7B5E2-7E6C-4E47-B272-EB5BEF04649E}.AppStore|x86.ActiveCfg = Release|Any CPU
		{A2F7B5E2-7E6C-4E47-B272-EB5BEF04649E}.AppStore|x86.Build.0 = Release|Any CPU
		{A2F7B5E2-7E6C-4E47-B272-EB5BEF04649E}.Debug|Any CPU.ActiveCfg = Debug|Any CPU
		{A2F7B5E2-7E6C-4E47-B272-EB5BEF04649E}.Debug|Any CPU.Build.0 = Debug|Any CPU
		{A2F7B5E2-7E6C-4E47-B272-EB5BEF04649E}.Debug|ARM.ActiveCfg = Debug|Any CPU
		{A2F7B5E2-7E6C-4E47-B272-EB5BEF04649E}.Debug|ARM.Build.0 = Debug|Any CPU
		{A2F7B5E2-7E6C-4E47-B272-EB5BEF04649E}.Debug|iPhone.ActiveCfg = Debug|Any CPU
		{A2F7B5E2-7E6C-4E47-B272-EB5BEF04649E}.Debug|iPhone.Build.0 = Debug|Any CPU
		{A2F7B5E2-7E6C-4E47-B272-EB5BEF04649E}.Debug|iPhoneSimulator.ActiveCfg = Debug|Any CPU
		{A2F7B5E2-7E6C-4E47-B272-EB5BEF04649E}.Debug|iPhoneSimulator.Build.0 = Debug|Any CPU
		{A2F7B5E2-7E6C-4E47-B272-EB5BEF04649E}.Debug|x64.ActiveCfg = Debug|Any CPU
		{A2F7B5E2-7E6C-4E47-B272-EB5BEF04649E}.Debug|x64.Build.0 = Debug|Any CPU
		{A2F7B5E2-7E6C-4E47-B272-EB5BEF04649E}.Debug|x86.ActiveCfg = Debug|Any CPU
		{A2F7B5E2-7E6C-4E47-B272-EB5BEF04649E}.Debug|x86.Build.0 = Debug|Any CPU
		{A2F7B5E2-7E6C-4E47-B272-EB5BEF04649E}.Release|Any CPU.ActiveCfg = Release|Any CPU
		{A2F7B5E2-7E6C-4E47-B272-EB5BEF04649E}.Release|Any CPU.Build.0 = Release|Any CPU
		{A2F7B5E2-7E6C-4E47-B272-EB5BEF04649E}.Release|ARM.ActiveCfg = Release|Any CPU
		{A2F7B5E2-7E6C-4E47-B272-EB5BEF04649E}.Release|ARM.Build.0 = Release|Any CPU
		{A2F7B5E2-7E6C-4E47-B272-EB5BEF04649E}.Release|iPhone.ActiveCfg = Release|Any CPU
		{A2F7B5E2-7E6C-4E47-B272-EB5BEF04649E}.Release|iPhone.Build.0 = Release|Any CPU
		{A2F7B5E2-7E6C-4E47-B272-EB5BEF04649E}.Release|iPhoneSimulator.ActiveCfg = Release|Any CPU
		{A2F7B5E2-7E6C-4E47-B272-EB5BEF04649E}.Release|iPhoneSimulator.Build.0 = Release|Any CPU
		{A2F7B5E2-7E6C-4E47-B272-EB5BEF04649E}.Release|x64.ActiveCfg = Release|Any CPU
		{A2F7B5E2-7E6C-4E47-B272-EB5BEF04649E}.Release|x64.Build.0 = Release|Any CPU
		{A2F7B5E2-7E6C-4E47-B272-EB5BEF04649E}.Release|x86.ActiveCfg = Release|Any CPU
		{A2F7B5E2-7E6C-4E47-B272-EB5BEF04649E}.Release|x86.Build.0 = Release|Any CPU
	EndGlobalSection
	GlobalSection(SolutionProperties) = preSolution
		HideSolutionNode = FALSE
	EndGlobalSection
EndGlobal
